
Microsoft Visual Studio Solution File, Format Version 12.00
# Visual Studio Version 16
VisualStudioVersion = 16.0.28803.352
MinimumVisualStudioVersion = 10.0.40219.1
Project("{FAE04EC0-301F-11D3-BF4B-00C04F79EFBC}") = "GovernanceBot", "GovernanceBot\GovernanceBot.csproj", "{DCDD504E-19F9-4589-8C34-58F40CEA8CDA}"
EndProject
Global
	GlobalSection(SolutionConfigurationPlatforms) = preSolution
		Debug|Any CPU = Debug|Any CPU
		Release|Any CPU = Release|Any CPU
	EndGlobalSection
	GlobalSection(ProjectConfigurationPlatforms) = postSolution
		{DCDD504E-19F9-4589-8C34-58F40CEA8CDA}.Debug|Any CPU.ActiveCfg = Debug|Any CPU
		{DCDD504E-19F9-4589-8C34-58F40CEA8CDA}.Debug|Any CPU.Build.0 = Debug|Any CPU
		{DCDD504E-19F9-4589-8C34-58F40CEA8CDA}.Release|Any CPU.ActiveCfg = Release|Any CPU
		{DCDD504E-19F9-4589-8C34-58F40CEA8CDA}.Release|Any CPU.Build.0 = Release|Any CPU
	EndGlobalSection
	GlobalSection(SolutionProperties) = preSolution
		HideSolutionNode = FALSE
	EndGlobalSection
	GlobalSection(ExtensibilityGlobals) = postSolution
		SolutionGuid = {0B850677-0F2C-4B5E-86A4-E325CC6BDA18}
	EndGlobalSection
EndGlobal
